github.com/rayburgemeestre/gogame v0.0.0-20190317202318-0ec22aa447bc h1:YtZKGRZZ5x6ssBu+tDltJ+wa6Z3r8oYMHJ88IkcFXmI=
github.com/rayburgemeestre/gogame v0.0.0-20190317202318-0ec22aa447bc/go.mod h1:bH7dnGSj/KTupGQ5vKV/Qzoc2V9rIptUVSuqXScW0hQ=
github.com/rayburgemeestre/gogame v0.0.0-20190401083949-ab3a70c20134 h1:VMRpfs7Yx9M1mUrwtLa7KoUyfXENJpcPVPw3IOVVfHU=
github.com/rayburgemeestre/gogame v0.0.0-20190401083949-ab3a70c20134/go.mod h1:qLNtgJluw9jJuN9GPmg4q80AgzU5hEFWAJKNspFdd+Q=
